
Microsoft Visual Studio Solution File, Format Version 12.00
# Visual Studio Version 17
VisualStudioVersion = 17.7.34031.279
MinimumVisualStudioVersion = 10.0.40219.1
Project("{2150E333-8FDC-42A3-9474-1A3956D46DE8}") = "src", "src", "{A579C62A-FD0F-4CC8-B8AB-7DF522ADFD29}"
EndProject
Project("{2150E333-8FDC-42A3-9474-1A3956D46DE8}") = "tests", "tests", "{4BB4B789-7607-422E-8A0C-D7A3A2A71199}"
EndProject
Project("{9A19103F-16F7-4668-BE54-9A1E7A4F7556}") = "quilici.Codeflix.Catalog.UnitTest", "tests\quilici.Codeflix.UnitTest\quilici.Codeflix.Catalog.UnitTest.csproj", "{AD57ADA0-3E89-412B-9EFA-B9882A3BBABB}"
EndProject
Project("{9A19103F-16F7-4668-BE54-9A1E7A4F7556}") = "quilici.Codeflix.Catalog.Domain", "src\quilici.Codeflix.Domain\quilici.Codeflix.Catalog.Domain.csproj", "{D5B0B9EE-03C8-49A7-9250-189BF715CA3A}"
EndProject
Project("{9A19103F-16F7-4668-BE54-9A1E7A4F7556}") = "quilici.Codeflix.Catalog.Application", "src\quilici.Codeflix.Application\quilici.Codeflix.Catalog.Application.csproj", "{1A496C71-85A3-469A-8560-0CA5A60C5FF7}"
EndProject
Project("{9A19103F-16F7-4668-BE54-9A1E7A4F7556}") = "quilici.Codeflix.Catalog.IntegrationTest", "tests\quilici.Codeflix.IntegrationTest\quilici.Codeflix.Catalog.IntegrationTest.csproj", "{0E019397-7411-41E0-BD30-10D6CD248AA4}"
EndProject
Project("{9A19103F-16F7-4668-BE54-9A1E7A4F7556}") = "quilici.Codeflix.Catalog.Infra.Data.EF", "src\quilici.Codeflix.Infra.EF\quilici.Codeflix.Catalog.Infra.Data.EF.csproj", "{34A191B0-B517-4423-8A90-3F3817C53A5A}"
EndProject
Project("{9A19103F-16F7-4668-BE54-9A1E7A4F7556}") = "quilici.Codeflix.Catalog.EndToEndTests", "quilici.Codeflix.EndToEndTests\quilici.Codeflix.Catalog.EndToEndTests.csproj", "{85DA2830-DCF5-42DC-B522-4073D62D4C8E}"
EndProject
Project("{9A19103F-16F7-4668-BE54-9A1E7A4F7556}") = "quilici.Codeflix.Catalog.Api", "src\quilici.Codeflix.Catalog.Api\quilici.Codeflix.Catalog.Api.csproj", "{F24FA986-4C2F-4EF0-8550-4AEF54B83634}"
EndProject
Project("{2150E333-8FDC-42A3-9474-1A3956D46DE8}") = "env", "env", "{3D0309A9-8A76-478C-BB30-DFD7AAC60105}"
	ProjectSection(SolutionItems) = preProject
		docker-compose.yml = docker-compose.yml
	EndProjectSection
EndProject
Global
	GlobalSection(SolutionConfigurationPlatforms) = preSolution
		Debug|Any CPU = Debug|Any CPU
		Release|Any CPU = Release|Any CPU
	EndGlobalSection
	GlobalSection(ProjectConfigurationPlatforms) = postSolution
		{AD57ADA0-3E89-412B-9EFA-B9882A3BBABB}.Debug|Any CPU.ActiveCfg = Debug|Any CPU
		{AD57ADA0-3E89-412B-9EFA-B9882A3BBABB}.Debug|Any CPU.Build.0 = Debug|Any CPU
		{AD57ADA0-3E89-412B-9EFA-B9882A3BBABB}.Release|Any CPU.ActiveCfg = Release|Any CPU
		{AD57ADA0-3E89-412B-9EFA-B9882A3BBABB}.Release|Any CPU.Build.0 = Release|Any CPU
		{D5B0B9EE-03C8-49A7-9250-189BF715CA3A}.Debug|Any CPU.ActiveCfg = Debug|Any CPU
		{D5B0B9EE-03C8-49A7-9250-189BF715CA3A}.Debug|Any CPU.Build.0 = Debug|Any CPU
		{D5B0B9EE-03C8-49A7-9250-189BF715CA3A}.Release|Any CPU.ActiveCfg = Release|Any CPU
		{D5B0B9EE-03C8-49A7-9250-189BF715CA3A}.Release|Any CPU.Build.0 = Release|Any CPU
		{1A496C71-85A3-469A-8560-0CA5A60C5FF7}.Debug|Any CPU.ActiveCfg = Debug|Any CPU
		{1A496C71-85A3-469A-8560-0CA5A60C5FF7}.Debug|Any CPU.Build.0 = Debug|Any CPU
		{1A496C71-85A3-469A-8560-0CA5A60C5FF7}.Release|Any CPU.ActiveCfg = Release|Any CPU
		{1A496C71-85A3-469A-8560-0CA5A60C5FF7}.Release|Any CPU.Build.0 = Release|Any CPU
		{0E019397-7411-41E0-BD30-10D6CD248AA4}.Debug|Any CPU.ActiveCfg = Debug|Any CPU
		{0E019397-7411-41E0-BD30-10D6CD248AA4}.Debug|Any CPU.Build.0 = Debug|Any CPU
		{0E019397-7411-41E0-BD30-10D6CD248AA4}.Release|Any CPU.ActiveCfg = Release|Any CPU
		{0E019397-7411-41E0-BD30-10D6CD248AA4}.Release|Any CPU.Build.0 = Release|Any CPU
		{34A191B0-B517-4423-8A90-3F3817C53A5A}.Debug|Any CPU.ActiveCfg = Debug|Any CPU
		{34A191B0-B517-4423-8A90-3F3817C53A5A}.Debug|Any CPU.Build.0 = Debug|Any CPU
		{34A191B0-B517-4423-8A90-3F3817C53A5A}.Release|Any CPU.ActiveCfg = Release|Any CPU
		{34A191B0-B517-4423-8A90-3F3817C53A5A}.Release|Any CPU.Build.0 = Release|Any CPU
		{85DA2830-DCF5-42DC-B522-4073D62D4C8E}.Debug|Any CPU.ActiveCfg = Debug|Any CPU
		{85DA2830-DCF5-42DC-B522-4073D62D4C8E}.Debug|Any CPU.Build.0 = Debug|Any CPU
		{85DA2830-DCF5-42DC-B522-4073D62D4C8E}.Release|Any CPU.ActiveCfg = Release|Any CPU
		{85DA2830-DCF5-42DC-B522-4073D62D4C8E}.Release|Any CPU.Build.0 = Release|Any CPU
		{F24FA986-4C2F-4EF0-8550-4AEF54B83634}.Debug|Any CPU.ActiveCfg = Debug|Any CPU
		{F24FA986-4C2F-4EF0-8550-4AEF54B83634}.Debug|Any CPU.Build.0 = Debug|Any CPU
		{F24FA986-4C2F-4EF0-8550-4AEF54B83634}.Release|Any CPU.ActiveCfg = Release|Any CPU
		{F24FA986-4C2F-4EF0-8550-4AEF54B83634}.Release|Any CPU.Build.0 = Release|Any CPU
	EndGlobalSection
	GlobalSection(SolutionProperties) = preSolution
		HideSolutionNode = FALSE
	EndGlobalSection
	GlobalSection(NestedProjects) = preSolution
		{AD57ADA0-3E89-412B-9EFA-B9882A3BBABB} = {4BB4B789-7607-422E-8A0C-D7A3A2A71199}
		{D5B0B9EE-03C8-49A7-9250-189BF715CA3A} = {A579C62A-FD0F-4CC8-B8AB-7DF522ADFD29}
		{1A496C71-85A3-469A-8560-0CA5A60C5FF7} = {A579C62A-FD0F-4CC8-B8AB-7DF522ADFD29}
		{0E019397-7411-41E0-BD30-10D6CD248AA4} = {4BB4B789-7607-422E-8A0C-D7A3A2A71199}
		{34A191B0-B517-4423-8A90-3F3817C53A5A} = {A579C62A-FD0F-4CC8-B8AB-7DF522ADFD29}
		{85DA2830-DCF5-42DC-B522-4073D62D4C8E} = {4BB4B789-7607-422E-8A0C-D7A3A2A71199}
		{F24FA986-4C2F-4EF0-8550-4AEF54B83634} = {A579C62A-FD0F-4CC8-B8AB-7DF522ADFD29}
	EndGlobalSection
	GlobalSection(ExtensibilityGlobals) = postSolution
		SolutionGuid = {DAA98C81-2839-4E06-95B2-CC9D79DE958E}
	EndGlobalSection
EndGlobal
